
Microsoft Visual Studio Solution File, Format Version 12.00
# Visual Studio Version 16
VisualStudioVersion = 16.0.34301.259
MinimumVisualStudioVersion = 10.0.40219.1
Project("{FAE04EC0-301F-11D3-BF4B-00C04F79EFBC}") = "SY.FileService", "SY.FileService\SY.FileService.csproj", "{2430FC2D-8176-4B14-AD62-25269ACD7379}"
EndProject
Global
	GlobalSection(SolutionConfigurationPlatforms) = preSolution
		Debug|Any CPU = Debug|Any CPU
		Release|Any CPU = Release|Any CPU
	EndGlobalSection
	GlobalSection(ProjectConfigurationPlatforms) = postSolution
		{2430FC2D-8176-4B14-AD62-25269ACD7379}.Debug|Any CPU.ActiveCfg = Debug|Any CPU
		{2430FC2D-8176-4B14-AD62-25269ACD7379}.Debug|Any CPU.Build.0 = Debug|Any CPU
		{2430FC2D-8176-4B14-AD62-25269ACD7379}.Release|Any CPU.ActiveCfg = Release|Any CPU
		{2430FC2D-8176-4B14-AD62-25269ACD7379}.Release|Any CPU.Build.0 = Release|Any CPU
	EndGlobalSection
	GlobalSection(SolutionProperties) = preSolution
		HideSolutionNode = FALSE
	EndGlobalSection
	GlobalSection(ExtensibilityGlobals) = postSolution
		SolutionGuid = {455ABDE0-CAE6-43BD-B780-1F737CDDFE73}
	EndGlobalSection
EndGlobal
